
Microsoft Visual Studio Solution File, Format Version 12.00
# Visual Studio Version 17
VisualStudioVersion = 17.14.37216.2 d17.14
MinimumVisualStudioVersion = 10.0.40219.1
Project("{FAE04EC0-301F-11D3-BF4B-00C04F79EFBC}") = "mod11", "mod11.csproj", "{F34BADE9-83C0-411E-95A8-10C7FC199240}"
EndProject
Global
	GlobalSection(SolutionConfigurationPlatforms) = preSolution
		Debug|Any CPU = Debug|Any CPU
		Release|Any CPU = Release|Any CPU
	EndGlobalSection
	GlobalSection(ProjectConfigurationPlatforms) = postSolution
		{F34BADE9-83C0-411E-95A8-10C7FC199240}.Debug|Any CPU.ActiveCfg = Debug|Any CPU
		{F34BADE9-83C0-411E-95A8-10C7FC199240}.Debug|Any CPU.Build.0 = Debug|Any CPU
		{F34BADE9-83C0-411E-95A8-10C7FC199240}.Release|Any CPU.ActiveCfg = Release|Any CPU
		{F34BADE9-83C0-411E-95A8-10C7FC199240}.Release|Any CPU.Build.0 = Release|Any CPU
	EndGlobalSection
	GlobalSection(SolutionProperties) = preSolution
		HideSolutionNode = FALSE
	EndGlobalSection
	GlobalSection(ExtensibilityGlobals) = postSolution
		SolutionGuid = {38479210-B229-45D1-A637-7BED441D8B34}
	EndGlobalSection
EndGlobal
