
Microsoft Visual Studio Solution File, Format Version 12.00
# Visual Studio Version 17
VisualStudioVersion = 17.14.36401.2 d17.14
MinimumVisualStudioVersion = 10.0.40219.1
Project("{FAE04EC0-301F-11D3-BF4B-00C04F79EFBC}") = "mod02", "mod02.csproj", "{A519A379-B216-4036-916B-44BC4C102642}"
EndProject
Global
	GlobalSection(SolutionConfigurationPlatforms) = preSolution
		Debug|Any CPU = Debug|Any CPU
		Release|Any CPU = Release|Any CPU
	EndGlobalSection
	GlobalSection(ProjectConfigurationPlatforms) = postSolution
		{A519A379-B216-4036-916B-44BC4C102642}.Debug|Any CPU.ActiveCfg = Debug|Any CPU
		{A519A379-B216-4036-916B-44BC4C102642}.Debug|Any CPU.Build.0 = Debug|Any CPU
		{A519A379-B216-4036-916B-44BC4C102642}.Release|Any CPU.ActiveCfg = Release|Any CPU
		{A519A379-B216-4036-916B-44BC4C102642}.Release|Any CPU.Build.0 = Release|Any CPU
	EndGlobalSection
	GlobalSection(SolutionProperties) = preSolution
		HideSolutionNode = FALSE
	EndGlobalSection
	GlobalSection(ExtensibilityGlobals) = postSolution
		SolutionGuid = {4336CB5D-386A-43C9-9BDC-9EAD38E452FF}
	EndGlobalSection
EndGlobal
