
Microsoft Visual Studio Solution File, Format Version 12.00
# Visual Studio Version 17
VisualStudioVersion = 17.14.37216.2 d17.14
MinimumVisualStudioVersion = 10.0.40219.1
Project("{FAE04EC0-301F-11D3-BF4B-00C04F79EFBC}") = "mod08", "mod08.csproj", "{40B58DCF-E8FC-4152-BE7C-D5A129279B94}"
EndProject
Global
	GlobalSection(SolutionConfigurationPlatforms) = preSolution
		Debug|Any CPU = Debug|Any CPU
		Release|Any CPU = Release|Any CPU
	EndGlobalSection
	GlobalSection(ProjectConfigurationPlatforms) = postSolution
		{40B58DCF-E8FC-4152-BE7C-D5A129279B94}.Debug|Any CPU.ActiveCfg = Debug|Any CPU
		{40B58DCF-E8FC-4152-BE7C-D5A129279B94}.Debug|Any CPU.Build.0 = Debug|Any CPU
		{40B58DCF-E8FC-4152-BE7C-D5A129279B94}.Release|Any CPU.ActiveCfg = Release|Any CPU
		{40B58DCF-E8FC-4152-BE7C-D5A129279B94}.Release|Any CPU.Build.0 = Release|Any CPU
	EndGlobalSection
	GlobalSection(SolutionProperties) = preSolution
		HideSolutionNode = FALSE
	EndGlobalSection
	GlobalSection(ExtensibilityGlobals) = postSolution
		SolutionGuid = {B03D677F-B342-4347-819E-AF9F459176D5}
	EndGlobalSection
EndGlobal
